
Microsoft Visual Studio Solution File, Format Version 12.00
# Visual Studio Version 17
VisualStudioVersion = 17.6.33815.320
MinimumVisualStudioVersion = 10.0.40219.1
Project("{2150E333-8FDC-42A3-9474-1A3956D46DE8}") = "Library", "Library", "{3FDF7A5F-BB0A-4746-AD82-47665A1D2858}"
EndProject
Project("{2150E333-8FDC-42A3-9474-1A3956D46DE8}") = "src", "src", "{66D1408A-FA2F-4274-8A85-5286B49E4245}"
EndProject
Project("{2150E333-8FDC-42A3-9474-1A3956D46DE8}") = "Lending", "Lending", "{77C2870F-7204-42CC-A2B9-F44814E65C26}"
EndProject
Project("{2150E333-8FDC-42A3-9474-1A3956D46DE8}") = "Books", "Books", "{F29FEE93-4F99-4C71-9B7D-1AB061EAAA6B}"
EndProject
Project("{9A19103F-16F7-4668-BE54-9A1E7A4F7556}") = "Lending.Books.Domain", "Library\src\Lending\Books\Lending.Books.Domain\Lending.Books.Domain.csproj", "{0BD06029-2D9D-4D2B-A516-9DB6DE24C60C}"
EndProject
Project("{9A19103F-16F7-4668-BE54-9A1E7A4F7556}") = "Lending.Books.Infrastructure", "Library\src\Lending\Books\Lending.Books.Infrastructure\Lending.Books.Infrastructure.csproj", "{3058D69C-2DF6-4506-80FC-B9CCB20807E0}"
EndProject
Project("{9A19103F-16F7-4668-BE54-9A1E7A4F7556}") = "Lending.Books.API", "Library\src\Lending\Books\Lending.Books.API\Lending.Books.API.csproj", "{8D24E7FA-D247-43D7-B108-783D5F168D90}"
EndProject
Project("{9A19103F-16F7-4668-BE54-9A1E7A4F7556}") = "Lending.Patrons.API", "Library\src\Lending\Patrons\Lending.Patrons.API\Lending.Patrons.API.csproj", "{D0611346-29CE-4054-B26F-9B651213E8A4}"
EndProject
Project("{9A19103F-16F7-4668-BE54-9A1E7A4F7556}") = "Lending.Patrons.Domain", "Library\src\Lending\Patrons\Lending.Patrons.Domain\Lending.Patrons.Domain.csproj", "{7902D6F9-B4A1-4241-9E35-AB773D8773C2}"
EndProject
Project("{9A19103F-16F7-4668-BE54-9A1E7A4F7556}") = "Lending.Patrons.Infrastructure", "Library\src\Lending\Patrons\Lending.Patrons.Infrastructure\Lending.Patrons.Infrastructure.csproj", "{98FCA2BF-9D2A-4886-95B0-BBF2ED6BC72E}"
EndProject
Project("{9A19103F-16F7-4668-BE54-9A1E7A4F7556}") = "Lending.Patrons.UnitTests", "Library\src\Lending\Patrons\Lending.Patrons.UnitTests\Lending.Patrons.UnitTests.csproj", "{0936A7FE-2CA3-4913-B7AB-38D286E46322}"
EndProject
Project("{2150E333-8FDC-42A3-9474-1A3956D46DE8}") = "Patron", "Patron", "{DC75AF21-1E6B-4A4C-AB12-422B9B3CC6F2}"
EndProject
Project("{2150E333-8FDC-42A3-9474-1A3956D46DE8}") = "Core", "Core", "{20830A34-A562-429C-8E5D-AF34CC8BEFA1}"
EndProject
Project("{FAE04EC0-301F-11D3-BF4B-00C04F79EFBC}") = "Library.Core", "Library\src\Core\Library.Core\Library.Core.csproj", "{8E54F5D8-5889-4D4B-A525-42094BBBC84D}"
EndProject
Global
	GlobalSection(SolutionConfigurationPlatforms) = preSolution
		Debug|Any CPU = Debug|Any CPU
		Release|Any CPU = Release|Any CPU
	EndGlobalSection
	GlobalSection(ProjectConfigurationPlatforms) = postSolution
		{0BD06029-2D9D-4D2B-A516-9DB6DE24C60C}.Debug|Any CPU.ActiveCfg = Debug|Any CPU
		{0BD06029-2D9D-4D2B-A516-9DB6DE24C60C}.Debug|Any CPU.Build.0 = Debug|Any CPU
		{0BD06029-2D9D-4D2B-A516-9DB6DE24C60C}.Release|Any CPU.ActiveCfg = Release|Any CPU
		{0BD06029-2D9D-4D2B-A516-9DB6DE24C60C}.Release|Any CPU.Build.0 = Release|Any CPU
		{3058D69C-2DF6-4506-80FC-B9CCB20807E0}.Debug|Any CPU.ActiveCfg = Debug|Any CPU
		{3058D69C-2DF6-4506-80FC-B9CCB20807E0}.Debug|Any CPU.Build.0 = Debug|Any CPU
		{3058D69C-2DF6-4506-80FC-B9CCB20807E0}.Release|Any CPU.ActiveCfg = Release|Any CPU
		{3058D69C-2DF6-4506-80FC-B9CCB20807E0}.Release|Any CPU.Build.0 = Release|Any CPU
		{8D24E7FA-D247-43D7-B108-783D5F168D90}.Debug|Any CPU.ActiveCfg = Debug|Any CPU
		{8D24E7FA-D247-43D7-B108-783D5F168D90}.Debug|Any CPU.Build.0 = Debug|Any CPU
		{8D24E7FA-D247-43D7-B108-783D5F168D90}.Release|Any CPU.ActiveCfg = Release|Any CPU
		{8D24E7FA-D247-43D7-B108-783D5F168D90}.Release|Any CPU.Build.0 = Release|Any CPU
		{D0611346-29CE-4054-B26F-9B651213E8A4}.Debug|Any CPU.ActiveCfg = Debug|Any CPU
		{D0611346-29CE-4054-B26F-9B651213E8A4}.Debug|Any CPU.Build.0 = Debug|Any CPU
		{D0611346-29CE-4054-B26F-9B651213E8A4}.Release|Any CPU.ActiveCfg = Release|Any CPU
		{D0611346-29CE-4054-B26F-9B651213E8A4}.Release|Any CPU.Build.0 = Release|Any CPU
		{7902D6F9-B4A1-4241-9E35-AB773D8773C2}.Debug|Any CPU.ActiveCfg = Debug|Any CPU
		{7902D6F9-B4A1-4241-9E35-AB773D8773C2}.Debug|Any CPU.Build.0 = Debug|Any CPU
		{7902D6F9-B4A1-4241-9E35-AB773D8773C2}.Release|Any CPU.ActiveCfg = Release|Any CPU
		{7902D6F9-B4A1-4241-9E35-AB773D8773C2}.Release|Any CPU.Build.0 = Release|Any CPU
		{98FCA2BF-9D2A-4886-95B0-BBF2ED6BC72E}.Debug|Any CPU.ActiveCfg = Debug|Any CPU
		{98FCA2BF-9D2A-4886-95B0-BBF2ED6BC72E}.Debug|Any CPU.Build.0 = Debug|Any CPU
		{98FCA2BF-9D2A-4886-95B0-BBF2ED6BC72E}.Release|Any CPU.ActiveCfg = Release|Any CPU
		{98FCA2BF-9D2A-4886-95B0-BBF2ED6BC72E}.Release|Any CPU.Build.0 = Release|Any CPU
		{0936A7FE-2CA3-4913-B7AB-38D286E46322}.Debug|Any CPU.ActiveCfg = Debug|Any CPU
		{0936A7FE-2CA3-4913-B7AB-38D286E46322}.Debug|Any CPU.Build.0 = Debug|Any CPU
		{0936A7FE-2CA3-4913-B7AB-38D286E46322}.Release|Any CPU.ActiveCfg = Release|Any CPU
		{0936A7FE-2CA3-4913-B7AB-38D286E46322}.Release|Any CPU.Build.0 = Release|Any CPU
		{8E54F5D8-5889-4D4B-A525-42094BBBC84D}.Debug|Any CPU.ActiveCfg = Debug|Any CPU
		{8E54F5D8-5889-4D4B-A525-42094BBBC84D}.Debug|Any CPU.Build.0 = Debug|Any CPU
		{8E54F5D8-5889-4D4B-A525-42094BBBC84D}.Release|Any CPU.ActiveCfg = Release|Any CPU
		{8E54F5D8-5889-4D4B-A525-42094BBBC84D}.Release|Any CPU.Build.0 = Release|Any CPU
	EndGlobalSection
	GlobalSection(SolutionProperties) = preSolution
		HideSolutionNode = FALSE
	EndGlobalSection
	GlobalSection(NestedProjects) = preSolution
		{66D1408A-FA2F-4274-8A85-5286B49E4245} = {3FDF7A5F-BB0A-4746-AD82-47665A1D2858}
		{77C2870F-7204-42CC-A2B9-F44814E65C26} = {66D1408A-FA2F-4274-8A85-5286B49E4245}
		{F29FEE93-4F99-4C71-9B7D-1AB061EAAA6B} = {77C2870F-7204-42CC-A2B9-F44814E65C26}
		{0BD06029-2D9D-4D2B-A516-9DB6DE24C60C} = {F29FEE93-4F99-4C71-9B7D-1AB061EAAA6B}
		{3058D69C-2DF6-4506-80FC-B9CCB20807E0} = {F29FEE93-4F99-4C71-9B7D-1AB061EAAA6B}
		{8D24E7FA-D247-43D7-B108-783D5F168D90} = {F29FEE93-4F99-4C71-9B7D-1AB061EAAA6B}
		{D0611346-29CE-4054-B26F-9B651213E8A4} = {DC75AF21-1E6B-4A4C-AB12-422B9B3CC6F2}
		{7902D6F9-B4A1-4241-9E35-AB773D8773C2} = {DC75AF21-1E6B-4A4C-AB12-422B9B3CC6F2}
		{98FCA2BF-9D2A-4886-95B0-BBF2ED6BC72E} = {DC75AF21-1E6B-4A4C-AB12-422B9B3CC6F2}
		{0936A7FE-2CA3-4913-B7AB-38D286E46322} = {DC75AF21-1E6B-4A4C-AB12-422B9B3CC6F2}
		{DC75AF21-1E6B-4A4C-AB12-422B9B3CC6F2} = {77C2870F-7204-42CC-A2B9-F44814E65C26}
		{20830A34-A562-429C-8E5D-AF34CC8BEFA1} = {66D1408A-FA2F-4274-8A85-5286B49E4245}
		{8E54F5D8-5889-4D4B-A525-42094BBBC84D} = {20830A34-A562-429C-8E5D-AF34CC8BEFA1}
	EndGlobalSection
EndGlobal
